
Microsoft Visual Studio Solution File, Format Version 12.00
# Visual Studio Version 16
VisualStudioVersion = 16.0.28922.388
MinimumVisualStudioVersion = 10.0.40219.1
Project("{9A19103F-16F7-4668-BE54-9A1E7A4F7556}") = "ShoppingBasket", "ShoppingBasket\ShoppingBasket.csproj", "{7801FFC2-16E4-433E-81BE-64ED37E299D2}"
EndProject
Project("{9A19103F-16F7-4668-BE54-9A1E7A4F7556}") = "ShoppingBasketTest", "ShoppingBasketTest\ShoppingBasketTest.csproj", "{F7DC63BA-6307-4E22-B16A-1540DFE41144}"
EndProject
Project("{FAE04EC0-301F-11D3-BF4B-00C04F79EFBC}") = "Logger", "Logger\Logger.csproj", "{BEDD6A25-C063-48C1-9EE1-4B6A0AEF92DB}"
EndProject
Global
	GlobalSection(SolutionConfigurationPlatforms) = preSolution
		Debug|Any CPU = Debug|Any CPU
		Release|Any CPU = Release|Any CPU
	EndGlobalSection
	GlobalSection(ProjectConfigurationPlatforms) = postSolution
		{7801FFC2-16E4-433E-81BE-64ED37E299D2}.Debug|Any CPU.ActiveCfg = Debug|Any CPU
		{7801FFC2-16E4-433E-81BE-64ED37E299D2}.Debug|Any CPU.Build.0 = Debug|Any CPU
		{7801FFC2-16E4-433E-81BE-64ED37E299D2}.Release|Any CPU.ActiveCfg = Release|Any CPU
		{7801FFC2-16E4-433E-81BE-64ED37E299D2}.Release|Any CPU.Build.0 = Release|Any CPU
		{F7DC63BA-6307-4E22-B16A-1540DFE41144}.Debug|Any CPU.ActiveCfg = Debug|Any CPU
		{F7DC63BA-6307-4E22-B16A-1540DFE41144}.Debug|Any CPU.Build.0 = Debug|Any CPU
		{F7DC63BA-6307-4E22-B16A-1540DFE41144}.Release|Any CPU.ActiveCfg = Release|Any CPU
		{F7DC63BA-6307-4E22-B16A-1540DFE41144}.Release|Any CPU.Build.0 = Release|Any CPU
		{BEDD6A25-C063-48C1-9EE1-4B6A0AEF92DB}.Debug|Any CPU.ActiveCfg = Debug|Any CPU
		{BEDD6A25-C063-48C1-9EE1-4B6A0AEF92DB}.Debug|Any CPU.Build.0 = Debug|Any CPU
		{BEDD6A25-C063-48C1-9EE1-4B6A0AEF92DB}.Release|Any CPU.ActiveCfg = Release|Any CPU
		{BEDD6A25-C063-48C1-9EE1-4B6A0AEF92DB}.Release|Any CPU.Build.0 = Release|Any CPU
	EndGlobalSection
	GlobalSection(SolutionProperties) = preSolution
		HideSolutionNode = FALSE
	EndGlobalSection
	GlobalSection(ExtensibilityGlobals) = postSolution
		SolutionGuid = {5BFFA635-7785-4347-A572-D3385E0FEA32}
	EndGlobalSection
EndGlobal
